
Microsoft Visual Studio Solution File, Format Version 12.00
# Visual Studio Version 17
VisualStudioVersion = 17.0.31903.59
MinimumVisualStudioVersion = 10.0.40219.1
Project("{2150E333-8FDC-42A3-9474-1A3956D46DE8}") = "IdentityServer", "IdentityServer", "{F718AE25-6871-4792-8199-DED196B063C6}"
EndProject
Project("{2150E333-8FDC-42A3-9474-1A3956D46DE8}") = "Services", "Services", "{8E2F8070-A467-4919-B3A8-F8D0FE11F5E4}"
EndProject
Project("{2150E333-8FDC-42A3-9474-1A3956D46DE8}") = "ChatService", "ChatService", "{1952A6D4-D8DA-4343-94E3-BBEF19B42C1D}"
EndProject
Project("{FAE04EC0-301F-11D3-BF4B-00C04F79EFBC}") = "MesajX.ChatService", "Services\ChatService\MesajX.ChatService\MesajX.ChatService.csproj", "{B4121D1B-36C9-4ED4-9AEA-C09963AD93C9}"
EndProject
Project("{2150E333-8FDC-42A3-9474-1A3956D46DE8}") = "NotificationService", "NotificationService", "{56E3B930-6911-43EA-A071-2C6CC1F618C7}"
EndProject
Project("{FAE04EC0-301F-11D3-BF4B-00C04F79EFBC}") = "MesajX.NotificationService", "Services\NotificationService\MesajX.NotificationService\MesajX.NotificationService.csproj", "{59F373FB-CD50-4A87-BE64-9CEA10336FBD}"
EndProject
Project("{FAE04EC0-301F-11D3-BF4B-00C04F79EFBC}") = "MesajX.ChatService.DtoLayer", "Services\ChatService\MesajX.ChatService.DtoLayer\MesajX.ChatService.DtoLayer.csproj", "{67092910-6A31-4F25-B544-FCEE5CB17522}"
EndProject
Project("{FAE04EC0-301F-11D3-BF4B-00C04F79EFBC}") = "MesajX.ChatService.DataAccessLayer", "Services\ChatService\MesajX.ChatService.DataAccessLayer\MesajX.ChatService.DataAccessLayer.csproj", "{56F3003B-C3B1-425E-A867-93DB28D28686}"
EndProject
Project("{FAE04EC0-301F-11D3-BF4B-00C04F79EFBC}") = "MesajX.ChatService.BusinessLayer", "Services\ChatService\MesajX.ChatService.BusinessLayer\MesajX.ChatService.BusinessLayer.csproj", "{D4819073-8F76-4257-AEE2-79978081BEA3}"
EndProject
Project("{FAE04EC0-301F-11D3-BF4B-00C04F79EFBC}") = "MesajX.ChatService.EntityLayer", "Services\ChatService\MesajX.ChatService.EntityLayer\MesajX.ChatService.EntityLayer.csproj", "{92246825-B926-469E-BF66-1CECDF324623}"
EndProject
Project("{FAE04EC0-301F-11D3-BF4B-00C04F79EFBC}") = "Mesajx.IdentityServer", "IdentityServer\Mesajx.IdentityServer\Mesajx.IdentityServer.csproj", "{40E2462A-4A14-4672-B45B-473943DA15A1}"
EndProject
Project("{2150E333-8FDC-42A3-9474-1A3956D46DE8}") = "SyncService", "SyncService", "{8A61631B-02E0-499A-B65F-20F86643EF9A}"
EndProject
Project("{FAE04EC0-301F-11D3-BF4B-00C04F79EFBC}") = "MesajX.SyncService", "Services\SyncService\MesajX.SyncService\MesajX.SyncService.csproj", "{FB226508-921D-4EBD-93F3-D5A0A76BD8A7}"
EndProject
Project("{2150E333-8FDC-42A3-9474-1A3956D46DE8}") = "RabbitMQShared", "RabbitMQShared", "{36C80792-D70C-49F0-85A1-AD8D9D85AE32}"
EndProject
Project("{2150E333-8FDC-42A3-9474-1A3956D46DE8}") = "ApiGateway", "ApiGateway", "{DE3C59E7-348B-44EE-8B7B-8CA3BD93B49A}"
EndProject
Project("{FAE04EC0-301F-11D3-BF4B-00C04F79EFBC}") = "MesajX.YarpGateway", "ApiGateway\MesajX.YarpGateway\MesajX.YarpGateway.csproj", "{978D9289-8A3E-4EB3-A342-61B86CB0AE39}"
EndProject
Project("{2150E333-8FDC-42A3-9474-1A3956D46DE8}") = "Solution Items", "Solution Items", "{82CCBC2E-8BE2-4440-A6C0-1A04CFF701EF}"
	ProjectSection(SolutionItems) = preProject
		Ports.txt = Ports.txt
	EndProjectSection
EndProject
Project("{FAE04EC0-301F-11D3-BF4B-00C04F79EFBC}") = "MesajX.RabbitMQShared", "RabbitMQShared\MesajX.RabbitMQShared\MesajX.RabbitMQShared.csproj", "{045B6099-F97C-401A-9D24-56F73DE4C696}"
EndProject
Global
	GlobalSection(SolutionConfigurationPlatforms) = preSolution
		Debug|Any CPU = Debug|Any CPU
		Release|Any CPU = Release|Any CPU
	EndGlobalSection
	GlobalSection(ProjectConfigurationPlatforms) = postSolution
		{B4121D1B-36C9-4ED4-9AEA-C09963AD93C9}.Debug|Any CPU.ActiveCfg = Debug|Any CPU
		{B4121D1B-36C9-4ED4-9AEA-C09963AD93C9}.Debug|Any CPU.Build.0 = Debug|Any CPU
		{B4121D1B-36C9-4ED4-9AEA-C09963AD93C9}.Release|Any CPU.ActiveCfg = Release|Any CPU
		{B4121D1B-36C9-4ED4-9AEA-C09963AD93C9}.Release|Any CPU.Build.0 = Release|Any CPU
		{59F373FB-CD50-4A87-BE64-9CEA10336FBD}.Debug|Any CPU.ActiveCfg = Debug|Any CPU
		{59F373FB-CD50-4A87-BE64-9CEA10336FBD}.Debug|Any CPU.Build.0 = Debug|Any CPU
		{59F373FB-CD50-4A87-BE64-9CEA10336FBD}.Release|Any CPU.ActiveCfg = Release|Any CPU
		{59F373FB-CD50-4A87-BE64-9CEA10336FBD}.Release|Any CPU.Build.0 = Release|Any CPU
		{67092910-6A31-4F25-B544-FCEE5CB17522}.Debug|Any CPU.ActiveCfg = Debug|Any CPU
		{67092910-6A31-4F25-B544-FCEE5CB17522}.Debug|Any CPU.Build.0 = Debug|Any CPU
		{67092910-6A31-4F25-B544-FCEE5CB17522}.Release|Any CPU.ActiveCfg = Release|Any CPU
		{67092910-6A31-4F25-B544-FCEE5CB17522}.Release|Any CPU.Build.0 = Release|Any CPU
		{56F3003B-C3B1-425E-A867-93DB28D28686}.Debug|Any CPU.ActiveCfg = Debug|Any CPU
		{56F3003B-C3B1-425E-A867-93DB28D28686}.Debug|Any CPU.Build.0 = Debug|Any CPU
		{56F3003B-C3B1-425E-A867-93DB28D28686}.Release|Any CPU.ActiveCfg = Release|Any CPU
		{56F3003B-C3B1-425E-A867-93DB28D28686}.Release|Any CPU.Build.0 = Release|Any CPU
		{D4819073-8F76-4257-AEE2-79978081BEA3}.Debug|Any CPU.ActiveCfg = Debug|Any CPU
		{D4819073-8F76-4257-AEE2-79978081BEA3}.Debug|Any CPU.Build.0 = Debug|Any CPU
		{D4819073-8F76-4257-AEE2-79978081BEA3}.Release|Any CPU.ActiveCfg = Release|Any CPU
		{D4819073-8F76-4257-AEE2-79978081BEA3}.Release|Any CPU.Build.0 = Release|Any CPU
		{92246825-B926-469E-BF66-1CECDF324623}.Debug|Any CPU.ActiveCfg = Debug|Any CPU
		{92246825-B926-469E-BF66-1CECDF324623}.Debug|Any CPU.Build.0 = Debug|Any CPU
		{92246825-B926-469E-BF66-1CECDF324623}.Release|Any CPU.ActiveCfg = Release|Any CPU
		{92246825-B926-469E-BF66-1CECDF324623}.Release|Any CPU.Build.0 = Release|Any CPU
		{40E2462A-4A14-4672-B45B-473943DA15A1}.Debug|Any CPU.ActiveCfg = Debug|Any CPU
		{40E2462A-4A14-4672-B45B-473943DA15A1}.Debug|Any CPU.Build.0 = Debug|Any CPU
		{40E2462A-4A14-4672-B45B-473943DA15A1}.Release|Any CPU.ActiveCfg = Release|Any CPU
		{40E2462A-4A14-4672-B45B-473943DA15A1}.Release|Any CPU.Build.0 = Release|Any CPU
		{FB226508-921D-4EBD-93F3-D5A0A76BD8A7}.Debug|Any CPU.ActiveCfg = Debug|Any CPU
		{FB226508-921D-4EBD-93F3-D5A0A76BD8A7}.Debug|Any CPU.Build.0 = Debug|Any CPU
		{FB226508-921D-4EBD-93F3-D5A0A76BD8A7}.Release|Any CPU.ActiveCfg = Release|Any CPU
		{FB226508-921D-4EBD-93F3-D5A0A76BD8A7}.Release|Any CPU.Build.0 = Release|Any CPU
		{978D9289-8A3E-4EB3-A342-61B86CB0AE39}.Debug|Any CPU.ActiveCfg = Debug|Any CPU
		{978D9289-8A3E-4EB3-A342-61B86CB0AE39}.Debug|Any CPU.Build.0 = Debug|Any CPU
		{978D9289-8A3E-4EB3-A342-61B86CB0AE39}.Release|Any CPU.ActiveCfg = Release|Any CPU
		{978D9289-8A3E-4EB3-A342-61B86CB0AE39}.Release|Any CPU.Build.0 = Release|Any CPU
		{045B6099-F97C-401A-9D24-56F73DE4C696}.Debug|Any CPU.ActiveCfg = Debug|Any CPU
		{045B6099-F97C-401A-9D24-56F73DE4C696}.Debug|Any CPU.Build.0 = Debug|Any CPU
		{045B6099-F97C-401A-9D24-56F73DE4C696}.Release|Any CPU.ActiveCfg = Release|Any CPU
		{045B6099-F97C-401A-9D24-56F73DE4C696}.Release|Any CPU.Build.0 = Release|Any CPU
	EndGlobalSection
	GlobalSection(SolutionProperties) = preSolution
		HideSolutionNode = FALSE
	EndGlobalSection
	GlobalSection(NestedProjects) = preSolution
		{1952A6D4-D8DA-4343-94E3-BBEF19B42C1D} = {8E2F8070-A467-4919-B3A8-F8D0FE11F5E4}
		{B4121D1B-36C9-4ED4-9AEA-C09963AD93C9} = {1952A6D4-D8DA-4343-94E3-BBEF19B42C1D}
		{56E3B930-6911-43EA-A071-2C6CC1F618C7} = {8E2F8070-A467-4919-B3A8-F8D0FE11F5E4}
		{59F373FB-CD50-4A87-BE64-9CEA10336FBD} = {56E3B930-6911-43EA-A071-2C6CC1F618C7}
		{67092910-6A31-4F25-B544-FCEE5CB17522} = {1952A6D4-D8DA-4343-94E3-BBEF19B42C1D}
		{56F3003B-C3B1-425E-A867-93DB28D28686} = {1952A6D4-D8DA-4343-94E3-BBEF19B42C1D}
		{D4819073-8F76-4257-AEE2-79978081BEA3} = {1952A6D4-D8DA-4343-94E3-BBEF19B42C1D}
		{92246825-B926-469E-BF66-1CECDF324623} = {1952A6D4-D8DA-4343-94E3-BBEF19B42C1D}
		{40E2462A-4A14-4672-B45B-473943DA15A1} = {F718AE25-6871-4792-8199-DED196B063C6}
		{8A61631B-02E0-499A-B65F-20F86643EF9A} = {8E2F8070-A467-4919-B3A8-F8D0FE11F5E4}
		{FB226508-921D-4EBD-93F3-D5A0A76BD8A7} = {8A61631B-02E0-499A-B65F-20F86643EF9A}
		{978D9289-8A3E-4EB3-A342-61B86CB0AE39} = {DE3C59E7-348B-44EE-8B7B-8CA3BD93B49A}
		{045B6099-F97C-401A-9D24-56F73DE4C696} = {36C80792-D70C-49F0-85A1-AD8D9D85AE32}
	EndGlobalSection
EndGlobal
