
Microsoft Visual Studio Solution File, Format Version 12.00
# Visual Studio Version 17
VisualStudioVersion = 17.0.31903.59
MinimumVisualStudioVersion = 10.0.40219.1
Project("{FAE04EC0-301F-11D3-BF4B-00C04F79EFBC}") = "MesajX.ChatService", "MesajX.ChatService\MesajX.ChatService.csproj", "{4C71AC9D-531C-4CC3-985A-3EA3E1165F4F}"
EndProject
Project("{FAE04EC0-301F-11D3-BF4B-00C04F79EFBC}") = "MesajX.ChatService.BusinessLayer", "MesajX.ChatService.BusinessLayer\MesajX.ChatService.BusinessLayer.csproj", "{AE3627EF-0A9D-4D93-8742-B9B8927019E7}"
EndProject
Project("{FAE04EC0-301F-11D3-BF4B-00C04F79EFBC}") = "MesajX.ChatService.DataAccessLayer", "MesajX.ChatService.DataAccessLayer\MesajX.ChatService.DataAccessLayer.csproj", "{94E13162-96B3-4003-B0D5-4B7A83E36556}"
EndProject
Project("{FAE04EC0-301F-11D3-BF4B-00C04F79EFBC}") = "MesajX.ChatService.DtoLayer", "MesajX.ChatService.DtoLayer\MesajX.ChatService.DtoLayer.csproj", "{64BD282F-69FF-4E72-BBF1-CF5B5E1C03DE}"
EndProject
Project("{FAE04EC0-301F-11D3-BF4B-00C04F79EFBC}") = "MesajX.ChatService.EntityLayer", "MesajX.ChatService.EntityLayer\MesajX.ChatService.EntityLayer.csproj", "{1BAB9382-D388-4CE1-841B-288DC8F89F8D}"
EndProject
Global
	GlobalSection(SolutionConfigurationPlatforms) = preSolution
		Debug|Any CPU = Debug|Any CPU
		Debug|x64 = Debug|x64
		Debug|x86 = Debug|x86
		Release|Any CPU = Release|Any CPU
		Release|x64 = Release|x64
		Release|x86 = Release|x86
	EndGlobalSection
	GlobalSection(ProjectConfigurationPlatforms) = postSolution
		{4C71AC9D-531C-4CC3-985A-3EA3E1165F4F}.Debug|Any CPU.ActiveCfg = Debug|Any CPU
		{4C71AC9D-531C-4CC3-985A-3EA3E1165F4F}.Debug|Any CPU.Build.0 = Debug|Any CPU
		{4C71AC9D-531C-4CC3-985A-3EA3E1165F4F}.Debug|x64.ActiveCfg = Debug|Any CPU
		{4C71AC9D-531C-4CC3-985A-3EA3E1165F4F}.Debug|x64.Build.0 = Debug|Any CPU
		{4C71AC9D-531C-4CC3-985A-3EA3E1165F4F}.Debug|x86.ActiveCfg = Debug|Any CPU
		{4C71AC9D-531C-4CC3-985A-3EA3E1165F4F}.Debug|x86.Build.0 = Debug|Any CPU
		{4C71AC9D-531C-4CC3-985A-3EA3E1165F4F}.Release|Any CPU.ActiveCfg = Release|Any CPU
		{4C71AC9D-531C-4CC3-985A-3EA3E1165F4F}.Release|Any CPU.Build.0 = Release|Any CPU
		{4C71AC9D-531C-4CC3-985A-3EA3E1165F4F}.Release|x64.ActiveCfg = Release|Any CPU
		{4C71AC9D-531C-4CC3-985A-3EA3E1165F4F}.Release|x64.Build.0 = Release|Any CPU
		{4C71AC9D-531C-4CC3-985A-3EA3E1165F4F}.Release|x86.ActiveCfg = Release|Any CPU
		{4C71AC9D-531C-4CC3-985A-3EA3E1165F4F}.Release|x86.Build.0 = Release|Any CPU
		{AE3627EF-0A9D-4D93-8742-B9B8927019E7}.Debug|Any CPU.ActiveCfg = Debug|Any CPU
		{AE3627EF-0A9D-4D93-8742-B9B8927019E7}.Debug|Any CPU.Build.0 = Debug|Any CPU
		{AE3627EF-0A9D-4D93-8742-B9B8927019E7}.Debug|x64.ActiveCfg = Debug|Any CPU
		{AE3627EF-0A9D-4D93-8742-B9B8927019E7}.Debug|x64.Build.0 = Debug|Any CPU
		{AE3627EF-0A9D-4D93-8742-B9B8927019E7}.Debug|x86.ActiveCfg = Debug|Any CPU
		{AE3627EF-0A9D-4D93-8742-B9B8927019E7}.Debug|x86.Build.0 = Debug|Any CPU
		{AE3627EF-0A9D-4D93-8742-B9B8927019E7}.Release|Any CPU.ActiveCfg = Release|Any CPU
		{AE3627EF-0A9D-4D93-8742-B9B8927019E7}.Release|Any CPU.Build.0 = Release|Any CPU
		{AE3627EF-0A9D-4D93-8742-B9B8927019E7}.Release|x64.ActiveCfg = Release|Any CPU
		{AE3627EF-0A9D-4D93-8742-B9B8927019E7}.Release|x64.Build.0 = Release|Any CPU
		{AE3627EF-0A9D-4D93-8742-B9B8927019E7}.Release|x86.ActiveCfg = Release|Any CPU
		{AE3627EF-0A9D-4D93-8742-B9B8927019E7}.Release|x86.Build.0 = Release|Any CPU
		{94E13162-96B3-4003-B0D5-4B7A83E36556}.Debug|Any CPU.ActiveCfg = Debug|Any CPU
		{94E13162-96B3-4003-B0D5-4B7A83E36556}.Debug|Any CPU.Build.0 = Debug|Any CPU
		{94E13162-96B3-4003-B0D5-4B7A83E36556}.Debug|x64.ActiveCfg = Debug|Any CPU
		{94E13162-96B3-4003-B0D5-4B7A83E36556}.Debug|x64.Build.0 = Debug|Any CPU
		{94E13162-96B3-4003-B0D5-4B7A83E36556}.Debug|x86.ActiveCfg = Debug|Any CPU
		{94E13162-96B3-4003-B0D5-4B7A83E36556}.Debug|x86.Build.0 = Debug|Any CPU
		{94E13162-96B3-4003-B0D5-4B7A83E36556}.Release|Any CPU.ActiveCfg = Release|Any CPU
		{94E13162-96B3-4003-B0D5-4B7A83E36556}.Release|Any CPU.Build.0 = Release|Any CPU
		{94E13162-96B3-4003-B0D5-4B7A83E36556}.Release|x64.ActiveCfg = Release|Any CPU
		{94E13162-96B3-4003-B0D5-4B7A83E36556}.Release|x64.Build.0 = Release|Any CPU
		{94E13162-96B3-4003-B0D5-4B7A83E36556}.Release|x86.ActiveCfg = Release|Any CPU
		{94E13162-96B3-4003-B0D5-4B7A83E36556}.Release|x86.Build.0 = Release|Any CPU
		{64BD282F-69FF-4E72-BBF1-CF5B5E1C03DE}.Debug|Any CPU.ActiveCfg = Debug|Any CPU
		{64BD282F-69FF-4E72-BBF1-CF5B5E1C03DE}.Debug|Any CPU.Build.0 = Debug|Any CPU
		{64BD282F-69FF-4E72-BBF1-CF5B5E1C03DE}.Debug|x64.ActiveCfg = Debug|Any CPU
		{64BD282F-69FF-4E72-BBF1-CF5B5E1C03DE}.Debug|x64.Build.0 = Debug|Any CPU
		{64BD282F-69FF-4E72-BBF1-CF5B5E1C03DE}.Debug|x86.ActiveCfg = Debug|Any CPU
		{64BD282F-69FF-4E72-BBF1-CF5B5E1C03DE}.Debug|x86.Build.0 = Debug|Any CPU
		{64BD282F-69FF-4E72-BBF1-CF5B5E1C03DE}.Release|Any CPU.ActiveCfg = Release|Any CPU
		{64BD282F-69FF-4E72-BBF1-CF5B5E1C03DE}.Release|Any CPU.Build.0 = Release|Any CPU
		{64BD282F-69FF-4E72-BBF1-CF5B5E1C03DE}.Release|x64.ActiveCfg = Release|Any CPU
		{64BD282F-69FF-4E72-BBF1-CF5B5E1C03DE}.Release|x64.Build.0 = Release|Any CPU
		{64BD282F-69FF-4E72-BBF1-CF5B5E1C03DE}.Release|x86.ActiveCfg = Release|Any CPU
		{64BD282F-69FF-4E72-BBF1-CF5B5E1C03DE}.Release|x86.Build.0 = Release|Any CPU
		{1BAB9382-D388-4CE1-841B-288DC8F89F8D}.Debug|Any CPU.ActiveCfg = Debug|Any CPU
		{1BAB9382-D388-4CE1-841B-288DC8F89F8D}.Debug|Any CPU.Build.0 = Debug|Any CPU
		{1BAB9382-D388-4CE1-841B-288DC8F89F8D}.Debug|x64.ActiveCfg = Debug|Any CPU
		{1BAB9382-D388-4CE1-841B-288DC8F89F8D}.Debug|x64.Build.0 = Debug|Any CPU
		{1BAB9382-D388-4CE1-841B-288DC8F89F8D}.Debug|x86.ActiveCfg = Debug|Any CPU
		{1BAB9382-D388-4CE1-841B-288DC8F89F8D}.Debug|x86.Build.0 = Debug|Any CPU
		{1BAB9382-D388-4CE1-841B-288DC8F89F8D}.Release|Any CPU.ActiveCfg = Release|Any CPU
		{1BAB9382-D388-4CE1-841B-288DC8F89F8D}.Release|Any CPU.Build.0 = Release|Any CPU
		{1BAB9382-D388-4CE1-841B-288DC8F89F8D}.Release|x64.ActiveCfg = Release|Any CPU
		{1BAB9382-D388-4CE1-841B-288DC8F89F8D}.Release|x64.Build.0 = Release|Any CPU
		{1BAB9382-D388-4CE1-841B-288DC8F89F8D}.Release|x86.ActiveCfg = Release|Any CPU
		{1BAB9382-D388-4CE1-841B-288DC8F89F8D}.Release|x86.Build.0 = Release|Any CPU
	EndGlobalSection
	GlobalSection(SolutionProperties) = preSolution
		HideSolutionNode = FALSE
	EndGlobalSection
EndGlobal
